
Microsoft Visual Studio Solution File, Format Version 12.00
# Visual Studio Version 17
VisualStudioVersion = 17.4.33205.214
MinimumVisualStudioVersion = 10.0.40219.1
Project("{9A19103F-16F7-4668-BE54-9A1E7A4F7556}") = "MagicVilla_API", "MagicVilla_API.csproj", "{65095DB6-608B-4CBA-B592-70D898C9589B}"
EndProject
Global
	GlobalSection(SolutionConfigurationPlatforms) = preSolution
		Debug|Any CPU = Debug|Any CPU
		Release|Any CPU = Release|Any CPU
	EndGlobalSection
	GlobalSection(ProjectConfigurationPlatforms) = postSolution
		{65095DB6-608B-4CBA-B592-70D898C9589B}.Debug|Any CPU.ActiveCfg = Debug|Any CPU
		{65095DB6-608B-4CBA-B592-70D898C9589B}.Debug|Any CPU.Build.0 = Debug|Any CPU
		{65095DB6-608B-4CBA-B592-70D898C9589B}.Release|Any CPU.ActiveCfg = Release|Any CPU
		{65095DB6-608B-4CBA-B592-70D898C9589B}.Release|Any CPU.Build.0 = Release|Any CPU
	EndGlobalSection
	GlobalSection(SolutionProperties) = preSolution
		HideSolutionNode = FALSE
	EndGlobalSection
	GlobalSection(ExtensibilityGlobals) = postSolution
		SolutionGuid = {A868E012-1EDB-4BFC-ABBB-AAEE8AC2F4DD}
	EndGlobalSection
EndGlobal
